
Microsoft Visual Studio Solution File, Format Version 12.00
# Visual Studio Version 16
VisualStudioVersion = 16.0.30406.217
MinimumVisualStudioVersion = 10.0.40219.1
Project("{FAE04EC0-301F-11D3-BF4B-00C04F79EFBC}") = "RedactedDemoManeger", "RedactedDemoManeger\RedactedDemoManeger.csproj", "{3FAECBD4-61EA-488F-A54A-1258F435D666}"
EndProject
Global
	GlobalSection(SolutionConfigurationPlatforms) = preSolution
		Debug|Any CPU = Debug|Any CPU
		Release|Any CPU = Release|Any CPU
	EndGlobalSection
	GlobalSection(ProjectConfigurationPlatforms) = postSolution
		{3FAECBD4-61EA-488F-A54A-1258F435D666}.Debug|Any CPU.ActiveCfg = Debug|Any CPU
		{3FAECBD4-61EA-488F-A54A-1258F435D666}.Debug|Any CPU.Build.0 = Debug|Any CPU
		{3FAECBD4-61EA-488F-A54A-1258F435D666}.Release|Any CPU.ActiveCfg = Release|Any CPU
		{3FAECBD4-61EA-488F-A54A-1258F435D666}.Release|Any CPU.Build.0 = Release|Any CPU
	EndGlobalSection
	GlobalSection(SolutionProperties) = preSolution
		HideSolutionNode = FALSE
	EndGlobalSection
	GlobalSection(ExtensibilityGlobals) = postSolution
		SolutionGuid = {255FC7EE-422C-43B0-A719-8EBB9B811FF3}
	EndGlobalSection
EndGlobal
